# THIS IS AN AUTOGENERATED FILE. DO NOT EDIT THIS FILE DIRECTLY.
# yarn lockfile v1


"@types/node@^12.7.2":
  version "12.7.2"
  resolved "https://registry.npmjs.org/@types/node/-/node-12.7.2.tgz#c4e63af5e8823ce9cc3f0b34f7b998c2171f0c44"
  integrity sha512-dyYO+f6ihZEtNPDcWNR1fkoTDf3zAK3lAABDze3mz6POyIercH0lEUawUFXlG8xaQZmm1yEBON/4TsYv/laDYg==

ical-generator@^1.7.2:
  version "1.7.2"
  resolved "https://registry.npmjs.org/ical-generator/-/ical-generator-1.7.2.tgz#0719fe39f9c15e3058ddb10a63a270cd53d9401b"
  integrity sha512-sJyIuCRh/1PSyJtuF0pcE2BHavI6yOzp29RgUMARgjfZ6sLdLpfBaKffydAzu4E4ZYNk6oBanvrt+0WxpEyqcA==
  dependencies:
    moment-timezone "^0.5.26"

moment-timezone@^0.5.26:
  version "0.5.26"
  resolved "https://registry.npmjs.org/moment-timezone/-/moment-timezone-0.5.26.tgz#c0267ca09ae84631aa3dc33f65bedbe6e8e0d772"
  integrity sha512-sFP4cgEKTCymBBKgoxZjYzlSovC20Y6J7y3nanDc5RoBIXKlZhoYwBoZGe3flwU6A372AcRwScH8KiwV6zjy1g==
  dependencies:
    moment ">= 2.9.0"

"moment@>= 2.9.0", moment@^2.24.0:
  version "2.24.0"
  resolved "https://registry.npmjs.org/moment/-/moment-2.24.0.tgz#0d055d53f5052aa653c9f6eb68bb5d12bf5c2b5b"
  integrity sha512-bV7f+6l2QigeBBZSM/6yTNq4P2fNpSWj/0e7jQcy87A8e7o2nAfP/34/2ky5Vw4B9S446EtIhodAzkFCcR4dQg==
